// !$*UTF8*$!
{
	archiveVersion = 1;
	classes = {
	};
	objectVersion = 50;
	objects = {

/* Begin PBXBuildFile section */
		7028389C27279EFC00C6590F /* AppDelegate.swift in Sources */ = {isa = PBXBuildFile; fileRef = 7028389B27279EFC00C6590F /* AppDelegate.swift */; };
		702838A527279EFD00C6590F /* Assets.xcassets in Resources */ = {isa = PBXBuildFile; fileRef = 702838A427279EFD00C6590F /* Assets.xcassets */; };
		702838B92727A03600C6590F /* HomeViewController.swift in Sources */ = {isa = PBXBuildFile; fileRef = 702838B82727A03600C6590F /* HomeViewController.swift */; };
		702838BD2727A03D00C6590F /* Main.storyboard in Resources */ = {isa = PBXBuildFile; fileRef = 702838BB2727A03D00C6590F /* Main.storyboard */; };
		702838BE2727A03D00C6590F /* LaunchScreen.storyboard in Resources */ = {isa = PBXBuildFile; fileRef = 702838BC2727A03D00C6590F /* LaunchScreen.storyboard */; };
		702838C62727A17D00C6590F /* BaseViewController.swift in Sources */ = {isa = PBXBuildFile; fileRef = 702838C52727A17D00C6590F /* BaseViewController.swift */; };
		702838DE2727D50D00C6590F /* ChestImage.png in Resources */ = {isa = PBXBuildFile; fileRef = 702838D92727D50C00C6590F /* ChestImage.png */; };
		702838DF2727D50D00C6590F /* GiftImage.png in Resources */ = {isa = PBXBuildFile; fileRef = 702838DA2727D50C00C6590F /* GiftImage.png */; };
		702838E02727D50D00C6590F /* CookingImage.png in Resources */ = {isa = PBXBuildFile; fileRef = 702838DB2727D50C00C6590F /* CookingImage.png */; };
		702838E12727D50D00C6590F /* PlayImage.png in Resources */ = {isa = PBXBuildFile; fileRef = 702838DC2727D50D00C6590F /* PlayImage.png */; };
		702838E22727D50D00C6590F /* ClockImage.png in Resources */ = {isa = PBXBuildFile; fileRef = 702838DD2727D50D00C6590F /* ClockImage.png */; };
		702839432727DC3400C6590F /* TomatoHorizontalMenuFramework.framework in Frameworks */ = {isa = PBXBuildFile; fileRef = 702839412727DC2E00C6590F /* TomatoHorizontalMenuFramework.framework */; };
		702839442727DC3400C6590F /* TomatoHorizontalMenuFramework.framework in Embed Frameworks */ = {isa = PBXBuildFile; fileRef = 702839412727DC2E00C6590F /* TomatoHorizontalMenuFramework.framework */; settings = {ATTRIBUTES = (CodeSignOnCopy, RemoveHeadersOnCopy, ); }; };
		702839462727DC6900C6590F /* ShopViewController.swift in Sources */ = {isa = PBXBuildFile; fileRef = 702839452727DC6900C6590F /* ShopViewController.swift */; };
/* End PBXBuildFile section */

/* Begin PBXContainerItemProxy section */
		702839402727DC2E00C6590F /* PBXContainerItemProxy */ = {
			isa = PBXContainerItemProxy;
			containerPortal = 7028393C2727DC2D00C6590F /* TomatoHorizontalMenuFramework.xcodeproj */;
			proxyType = 2;
			remoteGlobalIDString = 7028391D2727DA6000C6590F;
			remoteInfo = TomatoHorizontalMenuFramework;
		};
/* End PBXContainerItemProxy section */

/* Begin PBXCopyFilesBuildPhase section */
		702839102727D99500C6590F /* Embed Frameworks */ = {
			isa = PBXCopyFilesBuildPhase;
			buildActionMask = 2147483647;
			dstPath = "";
			dstSubfolderSpec = 10;
			files = (
				702839442727DC3400C6590F /* TomatoHorizontalMenuFramework.framework in Embed Frameworks */,
			);
			name = "Embed Frameworks";
			runOnlyForDeploymentPostprocessing = 0;
		};
/* End PBXCopyFilesBuildPhase section */

/* Begin PBXFileReference section */
		7028389827279EFC00C6590F /* TomatoHorizontalBottomMenu.app */ = {isa = PBXFileReference; explicitFileType = wrapper.application; includeInIndex = 0; path = TomatoHorizontalBottomMenu.app; sourceTree = BUILT_PRODUCTS_DIR; };
		7028389B27279EFC00C6590F /* AppDelegate.swift */ = {isa = PBXFileReference; lastKnownFileType = sourcecode.swift; path = AppDelegate.swift; sourceTree = "<group>"; };
		702838A427279EFD00C6590F /* Assets.xcassets */ = {isa = PBXFileReference; lastKnownFileType = folder.assetcatalog; path = Assets.xcassets; sourceTree = "<group>"; };
		702838A927279EFD00C6590F /* Info.plist */ = {isa = PBXFileReference; lastKnownFileType = text.plist.xml; path = Info.plist; sourceTree = "<group>"; };
		702838B82727A03600C6590F /* HomeViewController.swift */ = {isa = PBXFileReference; fileEncoding = 4; lastKnownFileType = sourcecode.swift; name = HomeViewController.swift; path = ViewController/HomeViewController.swift; sourceTree = "<group>"; };
		702838BB2727A03D00C6590F /* Main.storyboard */ = {isa = PBXFileReference; fileEncoding = 4; lastKnownFileType = file.storyboard; name = Main.storyboard; path = Storyboard/Main.storyboard; sourceTree = "<group>"; };
		702838BC2727A03D00C6590F /* LaunchScreen.storyboard */ = {isa = PBXFileReference; fileEncoding = 4; lastKnownFileType = file.storyboard; name = LaunchScreen.storyboard; path = Storyboard/LaunchScreen.storyboard; sourceTree = "<group>"; };
		702838C52727A17D00C6590F /* BaseViewController.swift */ = {isa = PBXFileReference; lastKnownFileType = sourcecode.swift; name = BaseViewController.swift; path = ViewController/BaseViewController.swift; sourceTree = "<group>"; };
		702838D92727D50C00C6590F /* ChestImage.png */ = {isa = PBXFileReference; lastKnownFileType = image.png; name = ChestImage.png; path = Graphics/ChestImage.png; sourceTree = "<group>"; };
		702838DA2727D50C00C6590F /* GiftImage.png */ = {isa = PBXFileReference; lastKnownFileType = image.png; name = GiftImage.png; path = Graphics/GiftImage.png; sourceTree = "<group>"; };
		702838DB2727D50C00C6590F /* CookingImage.png */ = {isa = PBXFileReference; lastKnownFileType = image.png; name = CookingImage.png; path = Graphics/CookingImage.png; sourceTree = "<group>"; };
		702838DC2727D50D00C6590F /* PlayImage.png */ = {isa = PBXFileReference; lastKnownFileType = image.png; name = PlayImage.png; path = Graphics/PlayImage.png; sourceTree = "<group>"; };
		702838DD2727D50D00C6590F /* ClockImage.png */ = {isa = PBXFileReference; lastKnownFileType = image.png; name = ClockImage.png; path = Graphics/ClockImage.png; sourceTree = "<group>"; };
		7028393C2727DC2D00C6590F /* TomatoHorizontalMenuFramework.xcodeproj */ = {isa = PBXFileReference; lastKnownFileType = "wrapper.pb-project"; name = TomatoHorizontalMenuFramework.xcodeproj; path = TomatoHorizontalBottomMenu/TomatoFramework/TomatoHorizontalMenuFramework.xcodeproj; sourceTree = "<group>"; };
		702839452727DC6900C6590F /* ShopViewController.swift */ = {isa = PBXFileReference; fileEncoding = 4; lastKnownFileType = sourcecode.swift; name = ShopViewController.swift; path = ViewController/ShopViewController.swift; sourceTree = "<group>"; };
/* End PBXFileReference section */

/* Begin PBXFrameworksBuildPhase section */
		7028389527279EFC00C6590F /* Frameworks */ = {
			isa = PBXFrameworksBuildPhase;
			buildActionMask = 2147483647;
			files = (
				702839432727DC3400C6590F /* TomatoHorizontalMenuFramework.framework in Frameworks */,
			);
			runOnlyForDeploymentPostprocessing = 0;
		};
/* End PBXFrameworksBuildPhase section */

/* Begin PBXGroup section */
		7028388F27279EFC00C6590F = {
			isa = PBXGroup;
			children = (
				7028393C2727DC2D00C6590F /* TomatoHorizontalMenuFramework.xcodeproj */,
				7028389A27279EFC00C6590F /* TomatoHorizontalBottomMenu */,
				7028389927279EFC00C6590F /* Products */,
				7028390D2727D99500C6590F /* Frameworks */,
			);
			sourceTree = "<group>";
		};
		7028389927279EFC00C6590F /* Products */ = {
			isa = PBXGroup;
			children = (
				7028389827279EFC00C6590F /* TomatoHorizontalBottomMenu.app */,
			);
			name = Products;
			sourceTree = "<group>";
		};
		7028389A27279EFC00C6590F /* TomatoHorizontalBottomMenu */ = {
			isa = PBXGroup;
			children = (
				7028389B27279EFC00C6590F /* AppDelegate.swift */,
				702838B627279F9A00C6590F /* Graphics */,
				702838B327279F9300C6590F /* ViewController */,
				702838B427279F9A00C6590F /* Storyboard */,
				702838A427279EFD00C6590F /* Assets.xcassets */,
				702838A927279EFD00C6590F /* Info.plist */,
			);
			path = TomatoHorizontalBottomMenu;
			sourceTree = "<group>";
		};
		702838B327279F9300C6590F /* ViewController */ = {
			isa = PBXGroup;
			children = (
				702838C52727A17D00C6590F /* BaseViewController.swift */,
				702838B82727A03600C6590F /* HomeViewController.swift */,
				702839452727DC6900C6590F /* ShopViewController.swift */,
			);
			name = ViewController;
			sourceTree = "<group>";
		};
		702838B427279F9A00C6590F /* Storyboard */ = {
			isa = PBXGroup;
			children = (
				702838BB2727A03D00C6590F /* Main.storyboard */,
				702838BC2727A03D00C6590F /* LaunchScreen.storyboard */,
			);
			name = Storyboard;
			sourceTree = "<group>";
		};
		702838B627279F9A00C6590F /* Graphics */ = {
			isa = PBXGroup;
			children = (
				702838D92727D50C00C6590F /* ChestImage.png */,
				702838DD2727D50D00C6590F /* ClockImage.png */,
				702838DB2727D50C00C6590F /* CookingImage.png */,
				702838DA2727D50C00C6590F /* GiftImage.png */,
				702838DC2727D50D00C6590F /* PlayImage.png */,
			);
			name = Graphics;
			sourceTree = "<group>";
		};
		7028390D2727D99500C6590F /* Frameworks */ = {
			isa = PBXGroup;
			children = (
			);
			name = Frameworks;
			sourceTree = "<group>";
		};
		7028393D2727DC2D00C6590F /* Products */ = {
			isa = PBXGroup;
			children = (
				702839412727DC2E00C6590F /* TomatoHorizontalMenuFramework.framework */,
			);
			name = Products;
			sourceTree = "<group>";
		};
/* End PBXGroup section */

/* Begin PBXNativeTarget section */
		7028389727279EFC00C6590F /* TomatoHorizontalBottomMenu */ = {
			isa = PBXNativeTarget;
			buildConfigurationList = 702838AC27279EFD00C6590F /* Build configuration list for PBXNativeTarget "TomatoHorizontalBottomMenu" */;
			buildPhases = (
				7028389427279EFC00C6590F /* Sources */,
				7028389527279EFC00C6590F /* Frameworks */,
				7028389627279EFC00C6590F /* Resources */,
				702839102727D99500C6590F /* Embed Frameworks */,
			);
			buildRules = (
			);
			dependencies = (
			);
			name = TomatoHorizontalBottomMenu;
			productName = TomatoHorizontalBottomMenu;
			productReference = 7028389827279EFC00C6590F /* TomatoHorizontalBottomMenu.app */;
			productType = "com.apple.product-type.application";
		};
/* End PBXNativeTarget section */

/* Begin PBXProject section */
		7028389027279EFC00C6590F /* Project object */ = {
			isa = PBXProject;
			attributes = {
				LastSwiftUpdateCheck = 1240;
				LastUpgradeCheck = 1240;
				TargetAttributes = {
					7028389727279EFC00C6590F = {
						CreatedOnToolsVersion = 12.4;
					};
				};
			};
			buildConfigurationList = 7028389327279EFC00C6590F /* Build configuration list for PBXProject "TomatoHorizontalBottomMenu" */;
			compatibilityVersion = "Xcode 9.3";
			developmentRegion = en;
			hasScannedForEncodings = 0;
			knownRegions = (
				en,
				Base,
			);
			mainGroup = 7028388F27279EFC00C6590F;
			productRefGroup = 7028389927279EFC00C6590F /* Products */;
			projectDirPath = "";
			projectReferences = (
				{
					ProductGroup = 7028393D2727DC2D00C6590F /* Products */;
					ProjectRef = 7028393C2727DC2D00C6590F /* TomatoHorizontalMenuFramework.xcodeproj */;
				},
			);
			projectRoot = "";
			targets = (
				7028389727279EFC00C6590F /* TomatoHorizontalBottomMenu */,
			);
		};
/* End PBXProject section */

/* Begin PBXReferenceProxy section */
		702839412727DC2E00C6590F /* TomatoHorizontalMenuFramework.framework */ = {
			isa = PBXReferenceProxy;
			fileType = wrapper.framework;
			path = TomatoHorizontalMenuFramework.framework;
			remoteRef = 702839402727DC2E00C6590F /* PBXContainerItemProxy */;
			sourceTree = BUILT_PRODUCTS_DIR;
		};
/* End PBXReferenceProxy section */

/* Begin PBXResourcesBuildPhase section */
		7028389627279EFC00C6590F /* Resources */ = {
			isa = PBXResourcesBuildPhase;
			buildActionMask = 2147483647;
			files = (
				702838E22727D50D00C6590F /* ClockImage.png in Resources */,
				702838BE2727A03D00C6590F /* LaunchScreen.storyboard in Resources */,
				702838DF2727D50D00C6590F /* GiftImage.png in Resources */,
				702838E12727D50D00C6590F /* PlayImage.png in Resources */,
				702838A527279EFD00C6590F /* Assets.xcassets in Resources */,
				702838BD2727A03D00C6590F /* Main.storyboard in Resources */,
				702838E02727D50D00C6590F /* CookingImage.png in Resources */,
				702838DE2727D50D00C6590F /* ChestImage.png in Resources */,
			);
			runOnlyForDeploymentPostprocessing = 0;
		};
/* End PBXResourcesBuildPhase section */

/* Begin PBXSourcesBuildPhase section */
		7028389427279EFC00C6590F /* Sources */ = {
			isa = PBXSourcesBuildPhase;
			buildActionMask = 2147483647;
			files = (
				702839462727DC6900C6590F /* ShopViewController.swift in Sources */,
				7028389C27279EFC00C6590F /* AppDelegate.swift in Sources */,
				702838C62727A17D00C6590F /* BaseViewController.swift in Sources */,
				702838B92727A03600C6590F /* HomeViewController.swift in Sources */,
			);
			runOnlyForDeploymentPostprocessing = 0;
		};
/* End PBXSourcesBuildPhase section */

/* Begin XCBuildConfiguration section */
		702838AA27279EFD00C6590F /* Debug */ = {
			isa = XCBuildConfiguration;
			buildSettings = {
				ALWAYS_SEARCH_USER_PATHS = NO;
				CLANG_ANALYZER_NONNULL = YES;
				CLANG_ANALYZER_NUMBER_OBJECT_CONVERSION = YES_AGGRESSIVE;
				CLANG_CXX_LANGUAGE_STANDARD = "gnu++14";
				CLANG_CXX_LIBRARY = "libc++";
				CLANG_ENABLE_MODULES = YES;
				CLANG_ENABLE_OBJC_ARC = YES;
				CLANG_ENABLE_OBJC_WEAK = YES;
				CLANG_WARN_BLOCK_CAPTURE_AUTORELEASING = YES;
				CLANG_WARN_BOOL_CONVERSION = YES;
				CLANG_WARN_COMMA = YES;
				CLANG_WARN_CONSTANT_CONVERSION = YES;
				CLANG_WARN_DEPRECATED_OBJC_IMPLEMENTATIONS = YES;
				CLANG_WARN_DIRECT_OBJC_ISA_USAGE = YES_ERROR;
				CLANG_WARN_DOCUMENTATION_COMMENTS = YES;
				CLANG_WARN_EMPTY_BODY = YES;
				CLANG_WARN_ENUM_CONVERSION = YES;
				CLANG_WARN_INFINITE_RECURSION = YES;
				CLANG_WARN_INT_CONVERSION = YES;
				CLANG_WARN_NON_LITERAL_NULL_CONVERSION = YES;
				CLANG_WARN_OBJC_IMPLICIT_RETAIN_SELF = YES;
				CLANG_WARN_OBJC_LITERAL_CONVERSION = YES;
				CLANG_WARN_OBJC_ROOT_CLASS = YES_ERROR;
				CLANG_WARN_QUOTED_INCLUDE_IN_FRAMEWORK_HEADER = YES;
				CLANG_WARN_RANGE_LOOP_ANALYSIS = YES;
				CLANG_WARN_STRICT_PROTOTYPES = YES;
				CLANG_WARN_SUSPICIOUS_MOVE = YES;
				CLANG_WARN_UNGUARDED_AVAILABILITY = YES_AGGRESSIVE;
				CLANG_WARN_UNREACHABLE_CODE = YES;
				CLANG_WARN__DUPLICATE_METHOD_MATCH = YES;
				COPY_PHASE_STRIP = NO;
				DEBUG_INFORMATION_FORMAT = dwarf;
				ENABLE_STRICT_OBJC_MSGSEND = YES;
				ENABLE_TESTABILITY = YES;
				GCC_C_LANGUAGE_STANDARD = gnu11;
				GCC_DYNAMIC_NO_PIC = NO;
				GCC_NO_COMMON_BLOCKS = YES;
				GCC_OPTIMIZATION_LEVEL = 0;
				GCC_PREPROCESSOR_DEFINITIONS = (
					"DEBUG=1",
					"$(inherited)",
				);
				GCC_WARN_64_TO_32_BIT_CONVERSION = YES;
				GCC_WARN_ABOUT_RETURN_TYPE = YES_ERROR;
				GCC_WARN_UNDECLARED_SELECTOR = YES;
				GCC_WARN_UNINITIALIZED_AUTOS = YES_AGGRESSIVE;
				GCC_WARN_UNUSED_FUNCTION = YES;
				GCC_WARN_UNUSED_VARIABLE = YES;
				IPHONEOS_DEPLOYMENT_TARGET = 11.0;
				MTL_ENABLE_DEBUG_INFO = INCLUDE_SOURCE;
				MTL_FAST_MATH = YES;
				ONLY_ACTIVE_ARCH = YES;
				SDKROOT = iphoneos;
				SWIFT_ACTIVE_COMPILATION_CONDITIONS = DEBUG;
				SWIFT_OPTIMIZATION_LEVEL = "-Onone";
			};
			name = Debug;
		};
		702838AB27279EFD00C6590F /* Release */ = {
			isa = XCBuildConfiguration;
			buildSettings = {
				ALWAYS_SEARCH_USER_PATHS = NO;
				CLANG_ANALYZER_NONNULL = YES;
				CLANG_ANALYZER_NUMBER_OBJECT_CONVERSION = YES_AGGRESSIVE;
				CLANG_CXX_LANGUAGE_STANDARD = "gnu++14";
				CLANG_CXX_LIBRARY = "libc++";
				CLANG_ENABLE_MODULES = YES;
				CLANG_ENABLE_OBJC_ARC = YES;
				CLANG_ENABLE_OBJC_WEAK = YES;
				CLANG_WARN_BLOCK_CAPTURE_AUTORELEASING = YES;
				CLANG_WARN_BOOL_CONVERSION = YES;
				CLANG_WARN_COMMA = YES;
				CLANG_WARN_CONSTANT_CONVERSION = YES;
				CLANG_WARN_DEPRECATED_OBJC_IMPLEMENTATIONS = YES;
				CLANG_WARN_DIRECT_OBJC_ISA_USAGE = YES_ERROR;
				CLANG_WARN_DOCUMENTATION_COMMENTS = YES;
				CLANG_WARN_EMPTY_BODY = YES;
				CLANG_WARN_ENUM_CONVERSION = YES;
				CLANG_WARN_INFINITE_RECURSION = YES;
				CLANG_WARN_INT_CONVERSION = YES;
				CLANG_WARN_NON_LITERAL_NULL_CONVERSION = YES;
				CLANG_WARN_OBJC_IMPLICIT_RETAIN_SELF = YES;
				CLANG_WARN_OBJC_LITERAL_CONVERSION = YES;
				CLANG_WARN_OBJC_ROOT_CLASS = YES_ERROR;
				CLANG_WARN_QUOTED_INCLUDE_IN_FRAMEWORK_HEADER = YES;
				CLANG_WARN_RANGE_LOOP_ANALYSIS = YES;
				CLANG_WARN_STRICT_PROTOTYPES = YES;
				CLANG_WARN_SUSPICIOUS_MOVE = YES;
				CLANG_WARN_UNGUARDED_AVAILABILITY = YES_AGGRESSIVE;
				CLANG_WARN_UNREACHABLE_CODE = YES;
				CLANG_WARN__DUPLICATE_METHOD_MATCH = YES;
				COPY_PHASE_STRIP = NO;
				DEBUG_INFORMATION_FORMAT = "dwarf-with-dsym";
				ENABLE_NS_ASSERTIONS = NO;
				ENABLE_STRICT_OBJC_MSGSEND = YES;
				GCC_C_LANGUAGE_STANDARD = gnu11;
				GCC_NO_COMMON_BLOCKS = YES;
				GCC_WARN_64_TO_32_BIT_CONVERSION = YES;
				GCC_WARN_ABOUT_RETURN_TYPE = YES_ERROR;
				GCC_WARN_UNDECLARED_SELECTOR = YES;
				GCC_WARN_UNINITIALIZED_AUTOS = YES_AGGRESSIVE;
				GCC_WARN_UNUSED_FUNCTION = YES;
				GCC_WARN_UNUSED_VARIABLE = YES;
				IPHONEOS_DEPLOYMENT_TARGET = 11.0;
				MTL_ENABLE_DEBUG_INFO = NO;
				MTL_FAST_MATH = YES;
				SDKROOT = iphoneos;
				SWIFT_COMPILATION_MODE = wholemodule;
				SWIFT_OPTIMIZATION_LEVEL = "-O";
				VALIDATE_PRODUCT = YES;
			};
			name = Release;
		};
		702838AD27279EFD00C6590F /* Debug */ = {
			isa = XCBuildConfiguration;
			buildSettings = {
				ASSETCATALOG_COMPILER_APPICON_NAME = AppIcon;
				ASSETCATALOG_COMPILER_GLOBAL_ACCENT_COLOR_NAME = AccentColor;
				CODE_SIGN_STYLE = Automatic;
				CURRENT_PROJECT_VERSION = 1000;
				DEVELOPMENT_TEAM = 9XNEX783H5;
				INFOPLIST_FILE = TomatoHorizontalBottomMenu/Info.plist;
				LD_RUNPATH_SEARCH_PATHS = (
					"$(inherited)",
					"@executable_path/Frameworks",
				);
				MARKETING_VERSION = 1.0.0;
				PRODUCT_BUNDLE_IDENTIFIER = net.mhvt.TomatoHorizontalBottomMenu;
				PRODUCT_NAME = "$(TARGET_NAME)";
				SWIFT_VERSION = 5.0;
				TARGETED_DEVICE_FAMILY = "1,2";
			};
			name = Debug;
		};
		702838AE27279EFD00C6590F /* Release */ = {
			isa = XCBuildConfiguration;
			buildSettings = {
				ASSETCATALOG_COMPILER_APPICON_NAME = AppIcon;
				ASSETCATALOG_COMPILER_GLOBAL_ACCENT_COLOR_NAME = AccentColor;
				CODE_SIGN_STYLE = Automatic;
				CURRENT_PROJECT_VERSION = 1000;
				DEVELOPMENT_TEAM = 9XNEX783H5;
				INFOPLIST_FILE = TomatoHorizontalBottomMenu/Info.plist;
				LD_RUNPATH_SEARCH_PATHS = (
					"$(inherited)",
					"@executable_path/Frameworks",
				);
				MARKETING_VERSION = 1.0.0;
				PRODUCT_BUNDLE_IDENTIFIER = net.mhvt.TomatoHorizontalBottomMenu;
				PRODUCT_NAME = "$(TARGET_NAME)";
				SWIFT_VERSION = 5.0;
				TARGETED_DEVICE_FAMILY = "1,2";
			};
			name = Release;
		};
/* End XCBuildConfiguration section */

/* Begin XCConfigurationList section */
		7028389327279EFC00C6590F /* Build configuration list for PBXProject "TomatoHorizontalBottomMenu" */ = {
			isa = XCConfigurationList;
			buildConfigurations = (
				702838AA27279EFD00C6590F /* Debug */,
				702838AB27279EFD00C6590F /* Release */,
			);
			defaultConfigurationIsVisible = 0;
			defaultConfigurationName = Release;
		};
		702838AC27279EFD00C6590F /* Build configuration list for PBXNativeTarget "TomatoHorizontalBottomMenu" */ = {
			isa = XCConfigurationList;
			buildConfigurations = (
				702838AD27279EFD00C6590F /* Debug */,
				702838AE27279EFD00C6590F /* Release */,
			);
			defaultConfigurationIsVisible = 0;
			defaultConfigurationName = Release;
		};
/* End XCConfigurationList section */
	};
	rootObject = 7028389027279EFC00C6590F /* Project object */;
}
